
Microsoft Visual Studio Solution File, Format Version 12.00
# Visual Studio Version 17
VisualStudioVersion = 17.0.31919.166
MinimumVisualStudioVersion = 10.0.40219.1
Project("{9A19103F-16F7-4668-BE54-9A1E7A4F7556}") = "AdventOfCode2015", "AdventOfCode2015\AdventOfCode2015.csproj", "{B8F64FA9-FAE7-40FA-AA39-7F96514FDAA5}"
EndProject
Project("{9A19103F-16F7-4668-BE54-9A1E7A4F7556}") = "AdventOfCode2021", "AdventOfCode2021\AdventOfCode2021.csproj", "{4444C6E8-1A0B-448B-8AA5-73B2E0844AA2}"
EndProject
Project("{9A19103F-16F7-4668-BE54-9A1E7A4F7556}") = "AdventOfCode2022", "AdventOfCode2022\AdventOfCode2022.csproj", "{CFBDB777-24A6-4F0D-B0F4-1E6319B7C85D}"
EndProject
Project("{9A19103F-16F7-4668-BE54-9A1E7A4F7556}") = "AdventOfCode2023", "AdventOfCode2023\AdventOfCode2023.csproj", "{28CBA913-568D-4CBB-8153-1EBA5CEDA8A4}"
EndProject
Project("{FAE04EC0-301F-11D3-BF4B-00C04F79EFBC}") = "AdventOfCode2016", "AdventOfCode2016\AdventOfCode2016.csproj", "{F470C46E-D3EB-4B53-A63C-5DB852B9B41A}"
EndProject
Global
	GlobalSection(SolutionConfigurationPlatforms) = preSolution
		Debug|Any CPU = Debug|Any CPU
		Release|Any CPU = Release|Any CPU
	EndGlobalSection
	GlobalSection(ProjectConfigurationPlatforms) = postSolution
		{B8F64FA9-FAE7-40FA-AA39-7F96514FDAA5}.Debug|Any CPU.ActiveCfg = Debug|Any CPU
		{B8F64FA9-FAE7-40FA-AA39-7F96514FDAA5}.Debug|Any CPU.Build.0 = Debug|Any CPU
		{B8F64FA9-FAE7-40FA-AA39-7F96514FDAA5}.Release|Any CPU.ActiveCfg = Release|Any CPU
		{B8F64FA9-FAE7-40FA-AA39-7F96514FDAA5}.Release|Any CPU.Build.0 = Release|Any CPU
		{4444C6E8-1A0B-448B-8AA5-73B2E0844AA2}.Debug|Any CPU.ActiveCfg = Debug|Any CPU
		{4444C6E8-1A0B-448B-8AA5-73B2E0844AA2}.Debug|Any CPU.Build.0 = Debug|Any CPU
		{4444C6E8-1A0B-448B-8AA5-73B2E0844AA2}.Release|Any CPU.ActiveCfg = Release|Any CPU
		{4444C6E8-1A0B-448B-8AA5-73B2E0844AA2}.Release|Any CPU.Build.0 = Release|Any CPU
		{CFBDB777-24A6-4F0D-B0F4-1E6319B7C85D}.Debug|Any CPU.ActiveCfg = Debug|Any CPU
		{CFBDB777-24A6-4F0D-B0F4-1E6319B7C85D}.Debug|Any CPU.Build.0 = Debug|Any CPU
		{CFBDB777-24A6-4F0D-B0F4-1E6319B7C85D}.Release|Any CPU.ActiveCfg = Release|Any CPU
		{CFBDB777-24A6-4F0D-B0F4-1E6319B7C85D}.Release|Any CPU.Build.0 = Release|Any CPU
		{28CBA913-568D-4CBB-8153-1EBA5CEDA8A4}.Debug|Any CPU.ActiveCfg = Debug|Any CPU
		{28CBA913-568D-4CBB-8153-1EBA5CEDA8A4}.Debug|Any CPU.Build.0 = Debug|Any CPU
		{28CBA913-568D-4CBB-8153-1EBA5CEDA8A4}.Release|Any CPU.ActiveCfg = Release|Any CPU
		{28CBA913-568D-4CBB-8153-1EBA5CEDA8A4}.Release|Any CPU.Build.0 = Release|Any CPU
		{F470C46E-D3EB-4B53-A63C-5DB852B9B41A}.Debug|Any CPU.ActiveCfg = Debug|Any CPU
		{F470C46E-D3EB-4B53-A63C-5DB852B9B41A}.Debug|Any CPU.Build.0 = Debug|Any CPU
		{F470C46E-D3EB-4B53-A63C-5DB852B9B41A}.Release|Any CPU.ActiveCfg = Release|Any CPU
		{F470C46E-D3EB-4B53-A63C-5DB852B9B41A}.Release|Any CPU.Build.0 = Release|Any CPU
	EndGlobalSection
	GlobalSection(SolutionProperties) = preSolution
		HideSolutionNode = FALSE
	EndGlobalSection
	GlobalSection(ExtensibilityGlobals) = postSolution
		SolutionGuid = {217EB89D-04DC-4AF5-8516-2963895FF5FB}
	EndGlobalSection
EndGlobal
